
Microsoft Visual Studio Solution File, Format Version 12.00
# Visual Studio Version 17
VisualStudioVersion = 17.13.35825.156
MinimumVisualStudioVersion = 10.0.40219.1
Project("{2150E333-8FDC-42A3-9474-1A3956D46DE8}") = "ASP NET 16", "ASP NET 16", "{D5AF4ED8-2739-4A3F-82EA-574C4C48D15A}"
EndProject
Project("{FAE04EC0-301F-11D3-BF4B-00C04F79EFBC}") = "ASP NET 16. TaskFlow Resource Based Authorization", "ASP NET 16. TaskFlow Resource Based Authorization\ASP NET 16. TaskFlow Resource Based Authorization.csproj", "{DA8D6B59-4E66-4B38-BB2C-017FB6BC9541}"
EndProject
Global
	GlobalSection(SolutionConfigurationPlatforms) = preSolution
		Debug|Any CPU = Debug|Any CPU
		Release|Any CPU = Release|Any CPU
	EndGlobalSection
	GlobalSection(ProjectConfigurationPlatforms) = postSolution
		{DA8D6B59-4E66-4B38-BB2C-017FB6BC9541}.Debug|Any CPU.ActiveCfg = Debug|Any CPU
		{DA8D6B59-4E66-4B38-BB2C-017FB6BC9541}.Debug|Any CPU.Build.0 = Debug|Any CPU
		{DA8D6B59-4E66-4B38-BB2C-017FB6BC9541}.Release|Any CPU.ActiveCfg = Release|Any CPU
		{DA8D6B59-4E66-4B38-BB2C-017FB6BC9541}.Release|Any CPU.Build.0 = Release|Any CPU
	EndGlobalSection
	GlobalSection(SolutionProperties) = preSolution
		HideSolutionNode = FALSE
	EndGlobalSection
	GlobalSection(NestedProjects) = preSolution
		{DA8D6B59-4E66-4B38-BB2C-017FB6BC9541} = {D5AF4ED8-2739-4A3F-82EA-574C4C48D15A}
	EndGlobalSection
	GlobalSection(ExtensibilityGlobals) = postSolution
		SolutionGuid = {497B41C6-99E9-4EFF-B1E0-382CB277FD5D}
	EndGlobalSection
EndGlobal
