
Microsoft Visual Studio Solution File, Format Version 12.00
# Visual Studio Version 17
VisualStudioVersion = 17.13.35825.156
MinimumVisualStudioVersion = 10.0.40219.1
Project("{FAE04EC0-301F-11D3-BF4B-00C04F79EFBC}") = "ASP NET 01. Web App example", "ASP NET 01. Web App example\ASP NET 01. Web App example.csproj", "{50C01C8B-B9B7-4C2B-85BF-CA5246ECBBD2}"
EndProject
Project("{2150E333-8FDC-42A3-9474-1A3956D46DE8}") = "ASP NET 01", "ASP NET 01", "{02EA681E-C7D8-13C7-8484-4AC65E1B71E8}"
EndProject
Project("{FAE04EC0-301F-11D3-BF4B-00C04F79EFBC}") = "ASP NET 01. MVC example", "ASP NET 01. MVC example\ASP NET 01. MVC example.csproj", "{6DF4849A-EFBB-4892-B763-5D0106A619C1}"
EndProject
Project("{FAE04EC0-301F-11D3-BF4B-00C04F79EFBC}") = "ASP NET 01. Web Api example", "ASP NET 01. Web Api example\ASP NET 01. Web Api example.csproj", "{7DEBC650-98FA-49EB-B099-B7273A76D0CA}"
EndProject
Project("{2150E333-8FDC-42A3-9474-1A3956D46DE8}") = "ASP NET 02", "ASP NET 02", "{80F57AD4-8B06-4EAF-B05F-E57F324DF0EF}"
EndProject
Project("{FAE04EC0-301F-11D3-BF4B-00C04F79EFBC}") = "ASP NET 02. Mini HTTP Server", "ASP NET 02. Mini HTTP Server\ASP NET 02. Mini HTTP Server.csproj", "{C465FDEF-B7D3-4190-BB26-A17FAC3D7FEB}"
EndProject
Project("{FAE04EC0-301F-11D3-BF4B-00C04F79EFBC}") = "ASP NET 02. CoR", "ASP NET 02. CoR\ASP NET 02. CoR.csproj", "{2FAC155F-0849-47A0-A611-E44690776537}"
EndProject
Project("{FAE04EC0-301F-11D3-BF4B-00C04F79EFBC}") = "ASP NET 02. Mini ASP", "ASP NET 02. Mini ASP\ASP NET 02. Mini ASP.csproj", "{AC2BED98-4918-4B49-B5AD-E62D21F976DB}"
EndProject
Project("{FAE04EC0-301F-11D3-BF4B-00C04F79EFBC}") = "ASP NET 02. Dependency injection", "ASP NET 02. Dependency injection\ASP NET 02. Dependency injection.csproj", "{1E3C6DC0-1EB7-44F4-A687-9CC38A764F56}"
EndProject
Project("{2150E333-8FDC-42A3-9474-1A3956D46DE8}") = "ASP NET 03", "ASP NET 03", "{534BA917-6701-48B7-9972-C3242930E6CC}"
EndProject
Project("{FAE04EC0-301F-11D3-BF4B-00C04F79EFBC}") = "ASP NET 03. Razor pages - services", "ASP NET 03. Razor pages - services\ASP NET 03. Razor pages - services.csproj", "{A6587353-2C23-4EED-9B53-D4C6E8D1182F}"
EndProject
Project("{FAE04EC0-301F-11D3-BF4B-00C04F79EFBC}") = "ASP NET 03. Razor Pages", "ASP NET 03. Razor Pages\ASP NET 03. Razor Pages.csproj", "{E9771D33-6A21-4038-84AF-45DD6A0767C0}"
EndProject
Project("{FAE04EC0-301F-11D3-BF4B-00C04F79EFBC}") = "ASP NET 03. Razor Pages Product Site", "ASP NET 03. Razor Pages Product Site\ASP NET 03. Razor Pages Product Site.csproj", "{1B42D528-9A7C-490D-AFA9-EE2F5B80AEB7}"
EndProject
Project("{2150E333-8FDC-42A3-9474-1A3956D46DE8}") = "ASP NET 04", "ASP NET 04", "{9322630A-91BF-44FE-A6B8-7609F137D538}"
EndProject
Project("{FAE04EC0-301F-11D3-BF4B-00C04F79EFBC}") = "ASP NET 04. MVC Product site", "ASP NET 04. MVC Product site\ASP NET 04. MVC Product site.csproj", "{7C5B530D-E264-4E30-9445-215FA2B236B2}"
EndProject
Project("{FAE04EC0-301F-11D3-BF4B-00C04F79EFBC}") = "ASP NET 04. MVC Product Site - Scaffold", "ASP NET 04. MVC Product Site - Scaffold\ASP NET 04. MVC Product Site - Scaffold.csproj", "{65244327-0964-424C-88E8-FACD191A6F51}"
EndProject
Project("{2150E333-8FDC-42A3-9474-1A3956D46DE8}") = "ASP NET 05", "ASP NET 05", "{5E268FF4-EBA9-4527-94E7-B8DFF5A6E476}"
EndProject
Project("{FAE04EC0-301F-11D3-BF4B-00C04F79EFBC}") = "ASP NET 05. ASP Filters", "ASP NET 05. ASP Filters\ASP NET 05. ASP Filters.csproj", "{E9FC34B4-2F8C-4934-8CDB-2E12C7A1F6D4}"
EndProject
Project("{FAE04EC0-301F-11D3-BF4B-00C04F79EFBC}") = "ASP NET 05. Html Helpers", "ASP NET 05. Html Helpers\ASP NET 05. Html Helpers.csproj", "{2CE76C7D-0521-4E4E-925D-3A61D5B7902A}"
EndProject
Project("{2150E333-8FDC-42A3-9474-1A3956D46DE8}") = "ASP NET 06", "ASP NET 06", "{E433CC04-71B8-4BB9-9725-96302997C703}"
EndProject
Project("{FAE04EC0-301F-11D3-BF4B-00C04F79EFBC}") = "ASP NET 06. Pagination Filtering Ordering", "ASP NET 06. Pagination Filtering Ordering\ASP NET 06. Pagination Filtering Ordering.csproj", "{4719F006-408C-40E7-B7AB-EF7871CC2D68}"
EndProject
Project("{2150E333-8FDC-42A3-9474-1A3956D46DE8}") = "ASP NET 07", "ASP NET 07", "{20C8F6C9-6CAA-487C-B4D5-AFCD4D36C754}"
EndProject
Project("{FAE04EC0-301F-11D3-BF4B-00C04F79EFBC}") = "ASP NET 07. TaskFlow Introduction", "ASP NET 07. TaskFlow Introduction\ASP NET 07. TaskFlow Introduction.csproj", "{353550F1-430C-404A-BAA2-9E4E8B4F3714}"
EndProject
Global
	GlobalSection(SolutionConfigurationPlatforms) = preSolution
		Debug|Any CPU = Debug|Any CPU
		Release|Any CPU = Release|Any CPU
	EndGlobalSection
	GlobalSection(ProjectConfigurationPlatforms) = postSolution
		{50C01C8B-B9B7-4C2B-85BF-CA5246ECBBD2}.Debug|Any CPU.ActiveCfg = Debug|Any CPU
		{50C01C8B-B9B7-4C2B-85BF-CA5246ECBBD2}.Debug|Any CPU.Build.0 = Debug|Any CPU
		{50C01C8B-B9B7-4C2B-85BF-CA5246ECBBD2}.Release|Any CPU.ActiveCfg = Release|Any CPU
		{50C01C8B-B9B7-4C2B-85BF-CA5246ECBBD2}.Release|Any CPU.Build.0 = Release|Any CPU
		{6DF4849A-EFBB-4892-B763-5D0106A619C1}.Debug|Any CPU.ActiveCfg = Debug|Any CPU
		{6DF4849A-EFBB-4892-B763-5D0106A619C1}.Debug|Any CPU.Build.0 = Debug|Any CPU
		{6DF4849A-EFBB-4892-B763-5D0106A619C1}.Release|Any CPU.ActiveCfg = Release|Any CPU
		{6DF4849A-EFBB-4892-B763-5D0106A619C1}.Release|Any CPU.Build.0 = Release|Any CPU
		{7DEBC650-98FA-49EB-B099-B7273A76D0CA}.Debug|Any CPU.ActiveCfg = Debug|Any CPU
		{7DEBC650-98FA-49EB-B099-B7273A76D0CA}.Debug|Any CPU.Build.0 = Debug|Any CPU
		{7DEBC650-98FA-49EB-B099-B7273A76D0CA}.Release|Any CPU.ActiveCfg = Release|Any CPU
		{7DEBC650-98FA-49EB-B099-B7273A76D0CA}.Release|Any CPU.Build.0 = Release|Any CPU
		{C465FDEF-B7D3-4190-BB26-A17FAC3D7FEB}.Debug|Any CPU.ActiveCfg = Debug|Any CPU
		{C465FDEF-B7D3-4190-BB26-A17FAC3D7FEB}.Debug|Any CPU.Build.0 = Debug|Any CPU
		{C465FDEF-B7D3-4190-BB26-A17FAC3D7FEB}.Release|Any CPU.ActiveCfg = Release|Any CPU
		{C465FDEF-B7D3-4190-BB26-A17FAC3D7FEB}.Release|Any CPU.Build.0 = Release|Any CPU
		{2FAC155F-0849-47A0-A611-E44690776537}.Debug|Any CPU.ActiveCfg = Debug|Any CPU
		{2FAC155F-0849-47A0-A611-E44690776537}.Debug|Any CPU.Build.0 = Debug|Any CPU
		{2FAC155F-0849-47A0-A611-E44690776537}.Release|Any CPU.ActiveCfg = Release|Any CPU
		{2FAC155F-0849-47A0-A611-E44690776537}.Release|Any CPU.Build.0 = Release|Any CPU
		{AC2BED98-4918-4B49-B5AD-E62D21F976DB}.Debug|Any CPU.ActiveCfg = Debug|Any CPU
		{AC2BED98-4918-4B49-B5AD-E62D21F976DB}.Debug|Any CPU.Build.0 = Debug|Any CPU
		{AC2BED98-4918-4B49-B5AD-E62D21F976DB}.Release|Any CPU.ActiveCfg = Release|Any CPU
		{AC2BED98-4918-4B49-B5AD-E62D21F976DB}.Release|Any CPU.Build.0 = Release|Any CPU
		{1E3C6DC0-1EB7-44F4-A687-9CC38A764F56}.Debug|Any CPU.ActiveCfg = Debug|Any CPU
		{1E3C6DC0-1EB7-44F4-A687-9CC38A764F56}.Debug|Any CPU.Build.0 = Debug|Any CPU
		{1E3C6DC0-1EB7-44F4-A687-9CC38A764F56}.Release|Any CPU.ActiveCfg = Release|Any CPU
		{1E3C6DC0-1EB7-44F4-A687-9CC38A764F56}.Release|Any CPU.Build.0 = Release|Any CPU
		{A6587353-2C23-4EED-9B53-D4C6E8D1182F}.Debug|Any CPU.ActiveCfg = Debug|Any CPU
		{A6587353-2C23-4EED-9B53-D4C6E8D1182F}.Debug|Any CPU.Build.0 = Debug|Any CPU
		{A6587353-2C23-4EED-9B53-D4C6E8D1182F}.Release|Any CPU.ActiveCfg = Release|Any CPU
		{A6587353-2C23-4EED-9B53-D4C6E8D1182F}.Release|Any CPU.Build.0 = Release|Any CPU
		{E9771D33-6A21-4038-84AF-45DD6A0767C0}.Debug|Any CPU.ActiveCfg = Debug|Any CPU
		{E9771D33-6A21-4038-84AF-45DD6A0767C0}.Debug|Any CPU.Build.0 = Debug|Any CPU
		{E9771D33-6A21-4038-84AF-45DD6A0767C0}.Release|Any CPU.ActiveCfg = Release|Any CPU
		{E9771D33-6A21-4038-84AF-45DD6A0767C0}.Release|Any CPU.Build.0 = Release|Any CPU
		{1B42D528-9A7C-490D-AFA9-EE2F5B80AEB7}.Debug|Any CPU.ActiveCfg = Debug|Any CPU
		{1B42D528-9A7C-490D-AFA9-EE2F5B80AEB7}.Debug|Any CPU.Build.0 = Debug|Any CPU
		{1B42D528-9A7C-490D-AFA9-EE2F5B80AEB7}.Release|Any CPU.ActiveCfg = Release|Any CPU
		{1B42D528-9A7C-490D-AFA9-EE2F5B80AEB7}.Release|Any CPU.Build.0 = Release|Any CPU
		{7C5B530D-E264-4E30-9445-215FA2B236B2}.Debug|Any CPU.ActiveCfg = Debug|Any CPU
		{7C5B530D-E264-4E30-9445-215FA2B236B2}.Debug|Any CPU.Build.0 = Debug|Any CPU
		{7C5B530D-E264-4E30-9445-215FA2B236B2}.Release|Any CPU.ActiveCfg = Release|Any CPU
		{7C5B530D-E264-4E30-9445-215FA2B236B2}.Release|Any CPU.Build.0 = Release|Any CPU
		{65244327-0964-424C-88E8-FACD191A6F51}.Debug|Any CPU.ActiveCfg = Debug|Any CPU
		{65244327-0964-424C-88E8-FACD191A6F51}.Debug|Any CPU.Build.0 = Debug|Any CPU
		{65244327-0964-424C-88E8-FACD191A6F51}.Release|Any CPU.ActiveCfg = Release|Any CPU
		{65244327-0964-424C-88E8-FACD191A6F51}.Release|Any CPU.Build.0 = Release|Any CPU
		{E9FC34B4-2F8C-4934-8CDB-2E12C7A1F6D4}.Debug|Any CPU.ActiveCfg = Debug|Any CPU
		{E9FC34B4-2F8C-4934-8CDB-2E12C7A1F6D4}.Debug|Any CPU.Build.0 = Debug|Any CPU
		{E9FC34B4-2F8C-4934-8CDB-2E12C7A1F6D4}.Release|Any CPU.ActiveCfg = Release|Any CPU
		{E9FC34B4-2F8C-4934-8CDB-2E12C7A1F6D4}.Release|Any CPU.Build.0 = Release|Any CPU
		{2CE76C7D-0521-4E4E-925D-3A61D5B7902A}.Debug|Any CPU.ActiveCfg = Debug|Any CPU
		{2CE76C7D-0521-4E4E-925D-3A61D5B7902A}.Debug|Any CPU.Build.0 = Debug|Any CPU
		{2CE76C7D-0521-4E4E-925D-3A61D5B7902A}.Release|Any CPU.ActiveCfg = Release|Any CPU
		{2CE76C7D-0521-4E4E-925D-3A61D5B7902A}.Release|Any CPU.Build.0 = Release|Any CPU
		{4719F006-408C-40E7-B7AB-EF7871CC2D68}.Debug|Any CPU.ActiveCfg = Debug|Any CPU
		{4719F006-408C-40E7-B7AB-EF7871CC2D68}.Debug|Any CPU.Build.0 = Debug|Any CPU
		{4719F006-408C-40E7-B7AB-EF7871CC2D68}.Release|Any CPU.ActiveCfg = Release|Any CPU
		{4719F006-408C-40E7-B7AB-EF7871CC2D68}.Release|Any CPU.Build.0 = Release|Any CPU
		{353550F1-430C-404A-BAA2-9E4E8B4F3714}.Debug|Any CPU.ActiveCfg = Debug|Any CPU
		{353550F1-430C-404A-BAA2-9E4E8B4F3714}.Debug|Any CPU.Build.0 = Debug|Any CPU
		{353550F1-430C-404A-BAA2-9E4E8B4F3714}.Release|Any CPU.ActiveCfg = Release|Any CPU
		{353550F1-430C-404A-BAA2-9E4E8B4F3714}.Release|Any CPU.Build.0 = Release|Any CPU
	EndGlobalSection
	GlobalSection(SolutionProperties) = preSolution
		HideSolutionNode = FALSE
	EndGlobalSection
	GlobalSection(NestedProjects) = preSolution
		{50C01C8B-B9B7-4C2B-85BF-CA5246ECBBD2} = {02EA681E-C7D8-13C7-8484-4AC65E1B71E8}
		{6DF4849A-EFBB-4892-B763-5D0106A619C1} = {02EA681E-C7D8-13C7-8484-4AC65E1B71E8}
		{7DEBC650-98FA-49EB-B099-B7273A76D0CA} = {02EA681E-C7D8-13C7-8484-4AC65E1B71E8}
		{80F57AD4-8B06-4EAF-B05F-E57F324DF0EF} = {534BA917-6701-48B7-9972-C3242930E6CC}
		{C465FDEF-B7D3-4190-BB26-A17FAC3D7FEB} = {80F57AD4-8B06-4EAF-B05F-E57F324DF0EF}
		{2FAC155F-0849-47A0-A611-E44690776537} = {80F57AD4-8B06-4EAF-B05F-E57F324DF0EF}
		{AC2BED98-4918-4B49-B5AD-E62D21F976DB} = {80F57AD4-8B06-4EAF-B05F-E57F324DF0EF}
		{1E3C6DC0-1EB7-44F4-A687-9CC38A764F56} = {80F57AD4-8B06-4EAF-B05F-E57F324DF0EF}
		{A6587353-2C23-4EED-9B53-D4C6E8D1182F} = {534BA917-6701-48B7-9972-C3242930E6CC}
		{E9771D33-6A21-4038-84AF-45DD6A0767C0} = {534BA917-6701-48B7-9972-C3242930E6CC}
		{1B42D528-9A7C-490D-AFA9-EE2F5B80AEB7} = {534BA917-6701-48B7-9972-C3242930E6CC}
		{7C5B530D-E264-4E30-9445-215FA2B236B2} = {9322630A-91BF-44FE-A6B8-7609F137D538}
		{65244327-0964-424C-88E8-FACD191A6F51} = {9322630A-91BF-44FE-A6B8-7609F137D538}
		{E9FC34B4-2F8C-4934-8CDB-2E12C7A1F6D4} = {5E268FF4-EBA9-4527-94E7-B8DFF5A6E476}
		{2CE76C7D-0521-4E4E-925D-3A61D5B7902A} = {5E268FF4-EBA9-4527-94E7-B8DFF5A6E476}
		{4719F006-408C-40E7-B7AB-EF7871CC2D68} = {E433CC04-71B8-4BB9-9725-96302997C703}
		{353550F1-430C-404A-BAA2-9E4E8B4F3714} = {20C8F6C9-6CAA-487C-B4D5-AFCD4D36C754}
	EndGlobalSection
	GlobalSection(ExtensibilityGlobals) = postSolution
		SolutionGuid = {497B41C6-99E9-4EFF-B1E0-382CB277FD5D}
	EndGlobalSection
EndGlobal
